
Microsoft Visual Studio Solution File, Format Version 12.00
# Visual Studio 15
VisualStudioVersion = 15.0.28307.168
MinimumVisualStudioVersion = 10.0.40219.1
Project("{FAE04EC0-301F-11D3-BF4B-00C04F79EFBC}") = "C0732049", "C0732049\C0732049.csproj", "{421CA9C4-DBCB-41DF-AE10-DC5C9C0D583C}"
EndProject
Global
	GlobalSection(SolutionConfigurationPlatforms) = preSolution
		Debug|Any CPU = Debug|Any CPU
		Release|Any CPU = Release|Any CPU
	EndGlobalSection
	GlobalSection(ProjectConfigurationPlatforms) = postSolution
		{421CA9C4-DBCB-41DF-AE10-DC5C9C0D583C}.Debug|Any CPU.ActiveCfg = Debug|Any CPU
		{421CA9C4-DBCB-41DF-AE10-DC5C9C0D583C}.Debug|Any CPU.Build.0 = Debug|Any CPU
		{421CA9C4-DBCB-41DF-AE10-DC5C9C0D583C}.Release|Any CPU.ActiveCfg = Release|Any CPU
		{421CA9C4-DBCB-41DF-AE10-DC5C9C0D583C}.Release|Any CPU.Build.0 = Release|Any CPU
	EndGlobalSection
	GlobalSection(SolutionProperties) = preSolution
		HideSolutionNode = FALSE
	EndGlobalSection
	GlobalSection(ExtensibilityGlobals) = postSolution
		SolutionGuid = {C67A4512-F4F0-436D-80E2-257840B316F4}
	EndGlobalSection
EndGlobal
